// !$*UTF8*$!
{
	archiveVersion = 1;
	classes = {
	};
	objectVersion = 46;
	objects = {

/* Begin PBXBuildFile section */
		820F3EC11BB2E3780019B139 /* AppDelegate.swift in Sources */ = {isa = PBXBuildFile; fileRef = 820F3EC01BB2E3780019B139 /* AppDelegate.swift */; };
		820F3EC41BB2E3780019B139 /* EpubTalk.xcdatamodeld in Sources */ = {isa = PBXBuildFile; fileRef = 820F3EC21BB2E3780019B139 /* EpubTalk.xcdatamodeld */; };
		820F3EC61BB2E3780019B139 /* ViewController.swift in Sources */ = {isa = PBXBuildFile; fileRef = 820F3EC51BB2E3780019B139 /* ViewController.swift */; };
		820F3EC91BB2E3780019B139 /* Main.storyboard in Resources */ = {isa = PBXBuildFile; fileRef = 820F3EC71BB2E3780019B139 /* Main.storyboard */; };
		820F3ECB1BB2E3780019B139 /* Images.xcassets in Resources */ = {isa = PBXBuildFile; fileRef = 820F3ECA1BB2E3780019B139 /* Images.xcassets */; };
		820F3ECE1BB2E3780019B139 /* LaunchScreen.xib in Resources */ = {isa = PBXBuildFile; fileRef = 820F3ECC1BB2E3780019B139 /* LaunchScreen.xib */; };
		820F3EDA1BB2E3780019B139 /* EpubTalkTests.swift in Sources */ = {isa = PBXBuildFile; fileRef = 820F3ED91BB2E3780019B139 /* EpubTalkTests.swift */; };
/* End PBXBuildFile section */

/* Begin PBXContainerItemProxy section */
		820F3ED41BB2E3780019B139 /* PBXContainerItemProxy */ = {
			isa = PBXContainerItemProxy;
			containerPortal = 820F3EB31BB2E3780019B139 /* Project object */;
			proxyType = 1;
			remoteGlobalIDString = 820F3EBA1BB2E3780019B139;
			remoteInfo = EpubTalk;
		};
/* End PBXContainerItemProxy section */

/* Begin PBXFileReference section */
		820F3EBB1BB2E3780019B139 /* EpubTalk.app */ = {isa = PBXFileReference; explicitFileType = wrapper.application; includeInIndex = 0; path = EpubTalk.app; sourceTree = BUILT_PRODUCTS_DIR; };
		820F3EBF1BB2E3780019B139 /* Info.plist */ = {isa = PBXFileReference; lastKnownFileType = text.plist.xml; path = Info.plist; sourceTree = "<group>"; };
		820F3EC01BB2E3780019B139 /* AppDelegate.swift */ = {isa = PBXFileReference; lastKnownFileType = sourcecode.swift; path = AppDelegate.swift; sourceTree = "<group>"; };
		820F3EC31BB2E3780019B139 /* EpubTalk.xcdatamodel */ = {isa = PBXFileReference; lastKnownFileType = wrapper.xcdatamodel; path = EpubTalk.xcdatamodel; sourceTree = "<group>"; };
		820F3EC51BB2E3780019B139 /* ViewController.swift */ = {isa = PBXFileReference; lastKnownFileType = sourcecode.swift; path = ViewController.swift; sourceTree = "<group>"; };
		820F3EC81BB2E3780019B139 /* Base */ = {isa = PBXFileReference; lastKnownFileType = file.storyboard; name = Base; path = Base.lproj/Main.storyboard; sourceTree = "<group>"; };
		820F3ECA1BB2E3780019B139 /* Images.xcassets */ = {isa = PBXFileReference; lastKnownFileType = folder.assetcatalog; path = Images.xcassets; sourceTree = "<group>"; };
		820F3ECD1BB2E3780019B139 /* Base */ = {isa = PBXFileReference; lastKnownFileType = file.xib; name = Base; path = Base.lproj/LaunchScreen.xib; sourceTree = "<group>"; };
		820F3ED31BB2E3780019B139 /* EpubTalkTests.xctest */ = {isa = PBXFileReference; explicitFileType = wrapper.cfbundle; includeInIndex = 0; path = EpubTalkTests.xctest; sourceTree = BUILT_PRODUCTS_DIR; };
		820F3ED81BB2E3780019B139 /* Info.plist */ = {isa = PBXFileReference; lastKnownFileType = text.plist.xml; path = Info.plist; sourceTree = "<group>"; };
		820F3ED91BB2E3780019B139 /* EpubTalkTests.swift */ = {isa = PBXFileReference; lastKnownFileType = sourcecode.swift; path = EpubTalkTests.swift; sourceTree = "<group>"; };
/* End PBXFileReference section */

/* Begin PBXFrameworksBuildPhase section */
		820F3EB81BB2E3780019B139 /* Frameworks */ = {
			isa = PBXFrameworksBuildPhase;
			buildActionMask = 2147483647;
			files = (
			);
			runOnlyForDeploymentPostprocessing = 0;
		};
		820F3ED01BB2E3780019B139 /* Frameworks */ = {
			isa = PBXFrameworksBuildPhase;
			buildActionMask = 2147483647;
			files = (
			);
			runOnlyForDeploymentPostprocessing = 0;
		};
/* End PBXFrameworksBuildPhase section */

/* Begin PBXGroup section */
		820F3EB21BB2E3780019B139 = {
			isa = PBXGroup;
			children = (
				820F3EBD1BB2E3780019B139 /* EpubTalk */,
				820F3ED61BB2E3780019B139 /* EpubTalkTests */,
				820F3EBC1BB2E3780019B139 /* Products */,
			);
			sourceTree = "<group>";
		};
		820F3EBC1BB2E3780019B139 /* Products */ = {
			isa = PBXGroup;
			children = (
				820F3EBB1BB2E3780019B139 /* EpubTalk.app */,
				820F3ED31BB2E3780019B139 /* EpubTalkTests.xctest */,
			);
			name = Products;
			sourceTree = "<group>";
		};
		820F3EBD1BB2E3780019B139 /* EpubTalk */ = {
			isa = PBXGroup;
			children = (
				820F3EC01BB2E3780019B139 /* AppDelegate.swift */,
				820F3EC51BB2E3780019B139 /* ViewController.swift */,
				820F3EC71BB2E3780019B139 /* Main.storyboard */,
				820F3ECA1BB2E3780019B139 /* Images.xcassets */,
				820F3ECC1BB2E3780019B139 /* LaunchScreen.xib */,
				820F3EC21BB2E3780019B139 /* EpubTalk.xcdatamodeld */,
				820F3EBE1BB2E3780019B139 /* Supporting Files */,
			);
			path = EpubTalk;
			sourceTree = "<group>";
		};
		820F3EBE1BB2E3780019B139 /* Supporting Files */ = {
			isa = PBXGroup;
			children = (
				820F3EBF1BB2E3780019B139 /* Info.plist */,
			);
			name = "Supporting Files";
			sourceTree = "<group>";
		};
		820F3ED61BB2E3780019B139 /* EpubTalkTests */ = {
			isa = PBXGroup;
			children = (
				820F3ED91BB2E3780019B139 /* EpubTalkTests.swift */,
				820F3ED71BB2E3780019B139 /* Supporting Files */,
			);
			path = EpubTalkTests;
			sourceTree = "<group>";
		};
		820F3ED71BB2E3780019B139 /* Supporting Files */ = {
			isa = PBXGroup;
			children = (
				820F3ED81BB2E3780019B139 /* Info.plist */,
			);
			name = "Supporting Files";
			sourceTree = "<group>";
		};
/* End PBXGroup section */

/* Begin PBXNativeTarget section */
		820F3EBA1BB2E3780019B139 /* EpubTalk */ = {
			isa = PBXNativeTarget;
			buildConfigurationList = 820F3EDD1BB2E3780019B139 /* Build configuration list for PBXNativeTarget "EpubTalk" */;
			buildPhases = (
				820F3EB71BB2E3780019B139 /* Sources */,
				820F3EB81BB2E3780019B139 /* Frameworks */,
				820F3EB91BB2E3780019B139 /* Resources */,
			);
			buildRules = (
			);
			dependencies = (
			);
			name = EpubTalk;
			productName = EpubTalk;
			productReference = 820F3EBB1BB2E3780019B139 /* EpubTalk.app */;
			productType = "com.apple.product-type.application";
		};
		820F3ED21BB2E3780019B139 /* EpubTalkTests */ = {
			isa = PBXNativeTarget;
			buildConfigurationList = 820F3EE01BB2E3780019B139 /* Build configuration list for PBXNativeTarget "EpubTalkTests" */;
			buildPhases = (
				820F3ECF1BB2E3780019B139 /* Sources */,
				820F3ED01BB2E3780019B139 /* Frameworks */,
				820F3ED11BB2E3780019B139 /* Resources */,
			);
			buildRules = (
			);
			dependencies = (
				820F3ED51BB2E3780019B139 /* PBXTargetDependency */,
			);
			name = EpubTalkTests;
			productName = EpubTalkTests;
			productReference = 820F3ED31BB2E3780019B139 /* EpubTalkTests.xctest */;
			productType = "com.apple.product-type.bundle.unit-test";
		};
/* End PBXNativeTarget section */

/* Begin PBXProject section */
		820F3EB31BB2E3780019B139 /* Project object */ = {
			isa = PBXProject;
			attributes = {
				LastUpgradeCheck = 0640;
				ORGANIZATIONNAME = FSAP;
				TargetAttributes = {
					820F3EBA1BB2E3780019B139 = {
						CreatedOnToolsVersion = 6.4;
					};
					820F3ED21BB2E3780019B139 = {
						CreatedOnToolsVersion = 6.4;
						TestTargetID = 820F3EBA1BB2E3780019B139;
					};
				};
			};
			buildConfigurationList = 820F3EB61BB2E3780019B139 /* Build configuration list for PBXProject "EpubTalk" */;
			compatibilityVersion = "Xcode 3.2";
			developmentRegion = English;
			hasScannedForEncodings = 0;
			knownRegions = (
				en,
				Base,
			);
			mainGroup = 820F3EB21BB2E3780019B139;
			productRefGroup = 820F3EBC1BB2E3780019B139 /* Products */;
			projectDirPath = "";
			projectRoot = "";
			targets = (
				820F3EBA1BB2E3780019B139 /* EpubTalk */,
				820F3ED21BB2E3780019B139 /* EpubTalkTests */,
			);
		};
/* End PBXProject section */

/* Begin PBXResourcesBuildPhase section */
		820F3EB91BB2E3780019B139 /* Resources */ = {
			isa = PBXResourcesBuildPhase;
			buildActionMask = 2147483647;
			files = (
				820F3EC91BB2E3780019B139 /* Main.storyboard in Resources */,
				820F3ECE1BB2E3780019B139 /* LaunchScreen.xib in Resources */,
				820F3ECB1BB2E3780019B139 /* Images.xcassets in Resources */,
			);
			runOnlyForDeploymentPostprocessing = 0;
		};
		820F3ED11BB2E3780019B139 /* Resources */ = {
			isa = PBXResourcesBuildPhase;
			buildActionMask = 2147483647;
			files = (
			);
			runOnlyForDeploymentPostprocessing = 0;
		};
/* End PBXResourcesBuildPhase section */

/* Begin PBXSourcesBuildPhase section */
		820F3EB71BB2E3780019B139 /* Sources */ = {
			isa = PBXSourcesBuildPhase;
			buildActionMask = 2147483647;
			files = (
				820F3EC61BB2E3780019B139 /* ViewController.swift in Sources */,
				820F3EC11BB2E3780019B139 /* AppDelegate.swift in Sources */,
				820F3EC41BB2E3780019B139 /* EpubTalk.xcdatamodeld in Sources */,
			);
			runOnlyForDeploymentPostprocessing = 0;
		};
		820F3ECF1BB2E3780019B139 /* Sources */ = {
			isa = PBXSourcesBuildPhase;
			buildActionMask = 2147483647;
			files = (
				820F3EDA1BB2E3780019B139 /* EpubTalkTests.swift in Sources */,
			);
			runOnlyForDeploymentPostprocessing = 0;
		};
/* End PBXSourcesBuildPhase section */

/* Begin PBXTargetDependency section */
		820F3ED51BB2E3780019B139 /* PBXTargetDependency */ = {
			isa = PBXTargetDependency;
			target = 820F3EBA1BB2E3780019B139 /* EpubTalk */;
			targetProxy = 820F3ED41BB2E3780019B139 /* PBXContainerItemProxy */;
		};
/* End PBXTargetDependency section */

/* Begin PBXVariantGroup section */
		820F3EC71BB2E3780019B139 /* Main.storyboard */ = {
			isa = PBXVariantGroup;
			children = (
				820F3EC81BB2E3780019B139 /* Base */,
			);
			name = Main.storyboard;
			sourceTree = "<group>";
		};
		820F3ECC1BB2E3780019B139 /* LaunchScreen.xib */ = {
			isa = PBXVariantGroup;
			children = (
				820F3ECD1BB2E3780019B139 /* Base */,
			);
			name = LaunchScreen.xib;
			sourceTree = "<group>";
		};
/* End PBXVariantGroup section */

/* Begin XCBuildConfiguration section */
		820F3EDB1BB2E3780019B139 /* Debug */ = {
			isa = XCBuildConfiguration;
			buildSettings = {
				ALWAYS_SEARCH_USER_PATHS = NO;
				CLANG_CXX_LANGUAGE_STANDARD = "gnu++0x";
				CLANG_CXX_LIBRARY = "libc++";
				CLANG_ENABLE_MODULES = YES;
				CLANG_ENABLE_OBJC_ARC = YES;
				CLANG_WARN_BOOL_CONVERSION = YES;
				CLANG_WARN_CONSTANT_CONVERSION = YES;
				CLANG_WARN_DIRECT_OBJC_ISA_USAGE = YES_ERROR;
				CLANG_WARN_EMPTY_BODY = YES;
				CLANG_WARN_ENUM_CONVERSION = YES;
				CLANG_WARN_INT_CONVERSION = YES;
				CLANG_WARN_OBJC_ROOT_CLASS = YES_ERROR;
				CLANG_WARN_UNREACHABLE_CODE = YES;
				CLANG_WARN__DUPLICATE_METHOD_MATCH = YES;
				"CODE_SIGN_IDENTITY[sdk=iphoneos*]" = "iPhone Developer";
				COPY_PHASE_STRIP = NO;
				DEBUG_INFORMATION_FORMAT = "dwarf-with-dsym";
				ENABLE_STRICT_OBJC_MSGSEND = YES;
				GCC_C_LANGUAGE_STANDARD = gnu99;
				GCC_DYNAMIC_NO_PIC = NO;
				GCC_NO_COMMON_BLOCKS = YES;
				GCC_OPTIMIZATION_LEVEL = 0;
				GCC_PREPROCESSOR_DEFINITIONS = (
					"DEBUG=1",
					"$(inherited)",
				);
				GCC_SYMBOLS_PRIVATE_EXTERN = NO;
				GCC_WARN_64_TO_32_BIT_CONVERSION = YES;
				GCC_WARN_ABOUT_RETURN_TYPE = YES_ERROR;
				GCC_WARN_UNDECLARED_SELECTOR = YES;
				GCC_WARN_UNINITIALIZED_AUTOS = YES_AGGRESSIVE;
				GCC_WARN_UNUSED_FUNCTION = YES;
				GCC_WARN_UNUSED_VARIABLE = YES;
				IPHONEOS_DEPLOYMENT_TARGET = 8.4;
				MTL_ENABLE_DEBUG_INFO = YES;
				ONLY_ACTIVE_ARCH = YES;
				SDKROOT = iphoneos;
				SWIFT_OPTIMIZATION_LEVEL = "-Onone";
				TARGETED_DEVICE_FAMILY = "1,2";
			};
			name = Debug;
		};
		820F3EDC1BB2E3780019B139 /* Release */ = {
			isa = XCBuildConfiguration;
			buildSettings = {
				ALWAYS_SEARCH_USER_PATHS = NO;
				CLANG_CXX_LANGUAGE_STANDARD = "gnu++0x";
				CLANG_CXX_LIBRARY = "libc++";
				CLANG_ENABLE_MODULES = YES;
				CLANG_ENABLE_OBJC_ARC = YES;
				CLANG_WARN_BOOL_CONVERSION = YES;
				CLANG_WARN_CONSTANT_CONVERSION = YES;
				CLANG_WARN_DIRECT_OBJC_ISA_USAGE = YES_ERROR;
				CLANG_WARN_EMPTY_BODY = YES;
				CLANG_WARN_ENUM_CONVERSION = YES;
				CLANG_WARN_INT_CONVERSION = YES;
				CLANG_WARN_OBJC_ROOT_CLASS = YES_ERROR;
				CLANG_WARN_UNREACHABLE_CODE = YES;
				CLANG_WARN__DUPLICATE_METHOD_MATCH = YES;
				"CODE_SIGN_IDENTITY[sdk=iphoneos*]" = "iPhone Developer";
				COPY_PHASE_STRIP = NO;
				DEBUG_INFORMATION_FORMAT = "dwarf-with-dsym";
				ENABLE_NS_ASSERTIONS = NO;
				ENABLE_STRICT_OBJC_MSGSEND = YES;
				GCC_C_LANGUAGE_STANDARD = gnu99;
				GCC_NO_COMMON_BLOCKS = YES;
				GCC_WARN_64_TO_32_BIT_CONVERSION = YES;
				GCC_WARN_ABOUT_RETURN_TYPE = YES_ERROR;
				GCC_WARN_UNDECLARED_SELECTOR = YES;
				GCC_WARN_UNINITIALIZED_AUTOS = YES_AGGRESSIVE;
				GCC_WARN_UNUSED_FUNCTION = YES;
				GCC_WARN_UNUSED_VARIABLE = YES;
				IPHONEOS_DEPLOYMENT_TARGET = 8.4;
				MTL_ENABLE_DEBUG_INFO = NO;
				SDKROOT = iphoneos;
				TARGETED_DEVICE_FAMILY = "1,2";
				VALIDATE_PRODUCT = YES;
			};
			name = Release;
		};
		820F3EDE1BB2E3780019B139 /* Debug */ = {
			isa = XCBuildConfiguration;
			buildSettings = {
				ASSETCATALOG_COMPILER_APPICON_NAME = AppIcon;
				INFOPLIST_FILE = EpubTalk/Info.plist;
				LD_RUNPATH_SEARCH_PATHS = "$(inherited) @executable_path/Frameworks";
				PRODUCT_NAME = "$(TARGET_NAME)";
			};
			name = Debug;
		};
		820F3EDF1BB2E3780019B139 /* Release */ = {
			isa = XCBuildConfiguration;
			buildSettings = {
				ASSETCATALOG_COMPILER_APPICON_NAME = AppIcon;
				INFOPLIST_FILE = EpubTalk/Info.plist;
				LD_RUNPATH_SEARCH_PATHS = "$(inherited) @executable_path/Frameworks";
				PRODUCT_NAME = "$(TARGET_NAME)";
			};
			name = Release;
		};
		820F3EE11BB2E3780019B139 /* Debug */ = {
			isa = XCBuildConfiguration;
			buildSettings = {
				BUNDLE_LOADER = "$(TEST_HOST)";
				FRAMEWORK_SEARCH_PATHS = (
					"$(SDKROOT)/Developer/Library/Frameworks",
					"$(inherited)",
				);
				GCC_PREPROCESSOR_DEFINITIONS = (
					"DEBUG=1",
					"$(inherited)",
				);
				INFOPLIST_FILE = EpubTalkTests/Info.plist;
				LD_RUNPATH_SEARCH_PATHS = "$(inherited) @executable_path/Frameworks @loader_path/Frameworks";
				PRODUCT_NAME = "$(TARGET_NAME)";
				TEST_HOST = "$(BUILT_PRODUCTS_DIR)/EpubTalk.app/EpubTalk";
			};
			name = Debug;
		};
		820F3EE21BB2E3780019B139 /* Release */ = {
			isa = XCBuildConfiguration;
			buildSettings = {
				BUNDLE_LOADER = "$(TEST_HOST)";
				FRAMEWORK_SEARCH_PATHS = (
					"$(SDKROOT)/Developer/Library/Frameworks",
					"$(inherited)",
				);
				INFOPLIST_FILE = EpubTalkTests/Info.plist;
				LD_RUNPATH_SEARCH_PATHS = "$(inherited) @executable_path/Frameworks @loader_path/Frameworks";
				PRODUCT_NAME = "$(TARGET_NAME)";
				TEST_HOST = "$(BUILT_PRODUCTS_DIR)/EpubTalk.app/EpubTalk";
			};
			name = Release;
		};
/* End XCBuildConfiguration section */

/* Begin XCConfigurationList section */
		820F3EB61BB2E3780019B139 /* Build configuration list for PBXProject "EpubTalk" */ = {
			isa = XCConfigurationList;
			buildConfigurations = (
				820F3EDB1BB2E3780019B139 /* Debug */,
				820F3EDC1BB2E3780019B139 /* Release */,
			);
			defaultConfigurationIsVisible = 0;
			defaultConfigurationName = Release;
		};
		820F3EDD1BB2E3780019B139 /* Build configuration list for PBXNativeTarget "EpubTalk" */ = {
			isa = XCConfigurationList;
			buildConfigurations = (
				820F3EDE1BB2E3780019B139 /* Debug */,
				820F3EDF1BB2E3780019B139 /* Release */,
			);
			defaultConfigurationIsVisible = 0;
		};
		820F3EE01BB2E3780019B139 /* Build configuration list for PBXNativeTarget "EpubTalkTests" */ = {
			isa = XCConfigurationList;
			buildConfigurations = (
				820F3EE11BB2E3780019B139 /* Debug */,
				820F3EE21BB2E3780019B139 /* Release */,
			);
			defaultConfigurationIsVisible = 0;
		};
/* End XCConfigurationList section */

/* Begin XCVersionGroup section */
		820F3EC21BB2E3780019B139 /* EpubTalk.xcdatamodeld */ = {
			isa = XCVersionGroup;
			children = (
				820F3EC31BB2E3780019B139 /* EpubTalk.xcdatamodel */,
			);
			currentVersion = 820F3EC31BB2E3780019B139 /* EpubTalk.xcdatamodel */;
			path = EpubTalk.xcdatamodeld;
			sourceTree = "<group>";
			versionGroupType = wrapper.xcdatamodel;
		};
/* End XCVersionGroup section */
	};
	rootObject = 820F3EB31BB2E3780019B139 /* Project object */;
}
